// !$*UTF8*$!
{
	archiveVersion = 1;
	classes = {
	};
	objectVersion = 56;
	objects = {

/* Begin PBXBuildFile section */
		412C1D562BAD25AD007B61CC /* RetingsView.swift in Sources */ = {isa = PBXBuildFile; fileRef = 412C1D552BAD25AD007B61CC /* RetingsView.swift */; };
		41C787922BA7FC1B001992F7 /* OrderView.swift in Sources */ = {isa = PBXBuildFile; fileRef = 41C787912BA7FC1B001992F7 /* OrderView.swift */; };
		41C787942BA7FC2F001992F7 /* MenuView.swift in Sources */ = {isa = PBXBuildFile; fileRef = 41C787932BA7FC2F001992F7 /* MenuView.swift */; };
		41C787962BA7FC64001992F7 /* MenuItemView.swift in Sources */ = {isa = PBXBuildFile; fileRef = 41C787952BA7FC64001992F7 /* MenuItemView.swift */; };
		41C787982BA7FC78001992F7 /* MenuRowView.swift in Sources */ = {isa = PBXBuildFile; fileRef = 41C787972BA7FC78001992F7 /* MenuRowView.swift */; };
		41C7879A2BA7FCDC001992F7 /* OrderRowView.swift in Sources */ = {isa = PBXBuildFile; fileRef = 41C787992BA7FCDC001992F7 /* OrderRowView.swift */; };
		41C7879C2BA7FD22001992F7 /* HeaderView.swift in Sources */ = {isa = PBXBuildFile; fileRef = 41C7879B2BA7FD22001992F7 /* HeaderView.swift */; };
		41F082022B905D050009503C /* HoliPizzaApp.swift in Sources */ = {isa = PBXBuildFile; fileRef = 41F082012B905D050009503C /* HoliPizzaApp.swift */; };
		41F082042B905D050009503C /* ContentView.swift in Sources */ = {isa = PBXBuildFile; fileRef = 41F082032B905D050009503C /* ContentView.swift */; };
		41F082062B905D060009503C /* Assets.xcassets in Resources */ = {isa = PBXBuildFile; fileRef = 41F082052B905D060009503C /* Assets.xcassets */; };
		41F0820A2B905D060009503C /* Preview Assets.xcassets in Resources */ = {isa = PBXBuildFile; fileRef = 41F082092B905D060009503C /* Preview Assets.xcassets */; };
		41F082142B905D060009503C /* HoliPizzaTests.swift in Sources */ = {isa = PBXBuildFile; fileRef = 41F082132B905D060009503C /* HoliPizzaTests.swift */; };
		41F0821E2B905D060009503C /* HoliPizzaUITests.swift in Sources */ = {isa = PBXBuildFile; fileRef = 41F0821D2B905D060009503C /* HoliPizzaUITests.swift */; };
		41F082202B905D060009503C /* HoliPizzaUITestsLaunchTests.swift in Sources */ = {isa = PBXBuildFile; fileRef = 41F0821F2B905D060009503C /* HoliPizzaUITestsLaunchTests.swift */; };
/* End PBXBuildFile section */

/* Begin PBXContainerItemProxy section */
		41F082102B905D060009503C /* PBXContainerItemProxy */ = {
			isa = PBXContainerItemProxy;
			containerPortal = 41F081F62B905D050009503C /* Project object */;
			proxyType = 1;
			remoteGlobalIDString = 41F081FD2B905D050009503C;
			remoteInfo = HoliPizza;
		};
		41F0821A2B905D060009503C /* PBXContainerItemProxy */ = {
			isa = PBXContainerItemProxy;
			containerPortal = 41F081F62B905D050009503C /* Project object */;
			proxyType = 1;
			remoteGlobalIDString = 41F081FD2B905D050009503C;
			remoteInfo = HoliPizza;
		};
/* End PBXContainerItemProxy section */

/* Begin PBXFileReference section */
		412C1D552BAD25AD007B61CC /* RetingsView.swift */ = {isa = PBXFileReference; lastKnownFileType = sourcecode.swift; path = RetingsView.swift; sourceTree = "<group>"; };
		41C787912BA7FC1B001992F7 /* OrderView.swift */ = {isa = PBXFileReference; lastKnownFileType = sourcecode.swift; path = OrderView.swift; sourceTree = "<group>"; };
		41C787932BA7FC2F001992F7 /* MenuView.swift */ = {isa = PBXFileReference; lastKnownFileType = sourcecode.swift; path = MenuView.swift; sourceTree = "<group>"; };
		41C787952BA7FC64001992F7 /* MenuItemView.swift */ = {isa = PBXFileReference; lastKnownFileType = sourcecode.swift; path = MenuItemView.swift; sourceTree = "<group>"; };
		41C787972BA7FC78001992F7 /* MenuRowView.swift */ = {isa = PBXFileReference; lastKnownFileType = sourcecode.swift; path = MenuRowView.swift; sourceTree = "<group>"; };
		41C787992BA7FCDC001992F7 /* OrderRowView.swift */ = {isa = PBXFileReference; lastKnownFileType = sourcecode.swift; path = OrderRowView.swift; sourceTree = "<group>"; };
		41C7879B2BA7FD22001992F7 /* HeaderView.swift */ = {isa = PBXFileReference; lastKnownFileType = sourcecode.swift; path = HeaderView.swift; sourceTree = "<group>"; };
		41F081FE2B905D050009503C /* HoliPizza.app */ = {isa = PBXFileReference; explicitFileType = wrapper.application; includeInIndex = 0; path = HoliPizza.app; sourceTree = BUILT_PRODUCTS_DIR; };
		41F082012B905D050009503C /* HoliPizzaApp.swift */ = {isa = PBXFileReference; lastKnownFileType = sourcecode.swift; path = HoliPizzaApp.swift; sourceTree = "<group>"; };
		41F082032B905D050009503C /* ContentView.swift */ = {isa = PBXFileReference; lastKnownFileType = sourcecode.swift; path = ContentView.swift; sourceTree = "<group>"; };
		41F082052B905D060009503C /* Assets.xcassets */ = {isa = PBXFileReference; lastKnownFileType = folder.assetcatalog; path = Assets.xcassets; sourceTree = "<group>"; };
		41F082072B905D060009503C /* HoliPizza.entitlements */ = {isa = PBXFileReference; lastKnownFileType = text.plist.entitlements; path = HoliPizza.entitlements; sourceTree = "<group>"; };
		41F082092B905D060009503C /* Preview Assets.xcassets */ = {isa = PBXFileReference; lastKnownFileType = folder.assetcatalog; path = "Preview Assets.xcassets"; sourceTree = "<group>"; };
		41F0820F2B905D060009503C /* HoliPizzaTests.xctest */ = {isa = PBXFileReference; explicitFileType = wrapper.cfbundle; includeInIndex = 0; path = HoliPizzaTests.xctest; sourceTree = BUILT_PRODUCTS_DIR; };
		41F082132B905D060009503C /* HoliPizzaTests.swift */ = {isa = PBXFileReference; lastKnownFileType = sourcecode.swift; path = HoliPizzaTests.swift; sourceTree = "<group>"; };
		41F082192B905D060009503C /* HoliPizzaUITests.xctest */ = {isa = PBXFileReference; explicitFileType = wrapper.cfbundle; includeInIndex = 0; path = HoliPizzaUITests.xctest; sourceTree = BUILT_PRODUCTS_DIR; };
		41F0821D2B905D060009503C /* HoliPizzaUITests.swift */ = {isa = PBXFileReference; lastKnownFileType = sourcecode.swift; path = HoliPizzaUITests.swift; sourceTree = "<group>"; };
		41F0821F2B905D060009503C /* HoliPizzaUITestsLaunchTests.swift */ = {isa = PBXFileReference; lastKnownFileType = sourcecode.swift; path = HoliPizzaUITestsLaunchTests.swift; sourceTree = "<group>"; };
/* End PBXFileReference section */

/* Begin PBXFrameworksBuildPhase section */
		41F081FB2B905D050009503C /* Frameworks */ = {
			isa = PBXFrameworksBuildPhase;
			buildActionMask = 2147483647;
			files = (
			);
			runOnlyForDeploymentPostprocessing = 0;
		};
		41F0820C2B905D060009503C /* Frameworks */ = {
			isa = PBXFrameworksBuildPhase;
			buildActionMask = 2147483647;
			files = (
			);
			runOnlyForDeploymentPostprocessing = 0;
		};
		41F082162B905D060009503C /* Frameworks */ = {
			isa = PBXFrameworksBuildPhase;
			buildActionMask = 2147483647;
			files = (
			);
			runOnlyForDeploymentPostprocessing = 0;
		};
/* End PBXFrameworksBuildPhase section */

/* Begin PBXGroup section */
		41F081F52B905D050009503C = {
			isa = PBXGroup;
			children = (
				41F082002B905D050009503C /* HoliPizza */,
				41F082122B905D060009503C /* HoliPizzaTests */,
				41F0821C2B905D060009503C /* HoliPizzaUITests */,
				41F081FF2B905D050009503C /* Products */,
			);
			sourceTree = "<group>";
		};
		41F081FF2B905D050009503C /* Products */ = {
			isa = PBXGroup;
			children = (
				41F081FE2B905D050009503C /* HoliPizza.app */,
				41F0820F2B905D060009503C /* HoliPizzaTests.xctest */,
				41F082192B905D060009503C /* HoliPizzaUITests.xctest */,
			);
			name = Products;
			sourceTree = "<group>";
		};
		41F082002B905D050009503C /* HoliPizza */ = {
			isa = PBXGroup;
			children = (
				41F082012B905D050009503C /* HoliPizzaApp.swift */,
				41F082032B905D050009503C /* ContentView.swift */,
				41C787912BA7FC1B001992F7 /* OrderView.swift */,
				41C787932BA7FC2F001992F7 /* MenuView.swift */,
				41C787952BA7FC64001992F7 /* MenuItemView.swift */,
				41C787972BA7FC78001992F7 /* MenuRowView.swift */,
				41C787992BA7FCDC001992F7 /* OrderRowView.swift */,
				41C7879B2BA7FD22001992F7 /* HeaderView.swift */,
				41F082052B905D060009503C /* Assets.xcassets */,
				41F082072B905D060009503C /* HoliPizza.entitlements */,
				41F082082B905D060009503C /* Preview Content */,
				412C1D552BAD25AD007B61CC /* RetingsView.swift */,
			);
			path = HoliPizza;
			sourceTree = "<group>";
		};
		41F082082B905D060009503C /* Preview Content */ = {
			isa = PBXGroup;
			children = (
				41F082092B905D060009503C /* Preview Assets.xcassets */,
			);
			path = "Preview Content";
			sourceTree = "<group>";
		};
		41F082122B905D060009503C /* HoliPizzaTests */ = {
			isa = PBXGroup;
			children = (
				41F082132B905D060009503C /* HoliPizzaTests.swift */,
			);
			path = HoliPizzaTests;
			sourceTree = "<group>";
		};
		41F0821C2B905D060009503C /* HoliPizzaUITests */ = {
			isa = PBXGroup;
			children = (
				41F0821D2B905D060009503C /* HoliPizzaUITests.swift */,
				41F0821F2B905D060009503C /* HoliPizzaUITestsLaunchTests.swift */,
			);
			path = HoliPizzaUITests;
			sourceTree = "<group>";
		};
/* End PBXGroup section */

/* Begin PBXNativeTarget section */
		41F081FD2B905D050009503C /* HoliPizza */ = {
			isa = PBXNativeTarget;
			buildConfigurationList = 41F082232B905D060009503C /* Build configuration list for PBXNativeTarget "HoliPizza" */;
			buildPhases = (
				41F081FA2B905D050009503C /* Sources */,
				41F081FB2B905D050009503C /* Frameworks */,
				41F081FC2B905D050009503C /* Resources */,
			);
			buildRules = (
			);
			dependencies = (
			);
			name = HoliPizza;
			productName = HoliPizza;
			productReference = 41F081FE2B905D050009503C /* HoliPizza.app */;
			productType = "com.apple.product-type.application";
		};
		41F0820E2B905D060009503C /* HoliPizzaTests */ = {
			isa = PBXNativeTarget;
			buildConfigurationList = 41F082262B905D060009503C /* Build configuration list for PBXNativeTarget "HoliPizzaTests" */;
			buildPhases = (
				41F0820B2B905D060009503C /* Sources */,
				41F0820C2B905D060009503C /* Frameworks */,
				41F0820D2B905D060009503C /* Resources */,
			);
			buildRules = (
			);
			dependencies = (
				41F082112B905D060009503C /* PBXTargetDependency */,
			);
			name = HoliPizzaTests;
			productName = HoliPizzaTests;
			productReference = 41F0820F2B905D060009503C /* HoliPizzaTests.xctest */;
			productType = "com.apple.product-type.bundle.unit-test";
		};
		41F082182B905D060009503C /* HoliPizzaUITests */ = {
			isa = PBXNativeTarget;
			buildConfigurationList = 41F082292B905D060009503C /* Build configuration list for PBXNativeTarget "HoliPizzaUITests" */;
			buildPhases = (
				41F082152B905D060009503C /* Sources */,
				41F082162B905D060009503C /* Frameworks */,
				41F082172B905D060009503C /* Resources */,
			);
			buildRules = (
			);
			dependencies = (
				41F0821B2B905D060009503C /* PBXTargetDependency */,
			);
			name = HoliPizzaUITests;
			productName = HoliPizzaUITests;
			productReference = 41F082192B905D060009503C /* HoliPizzaUITests.xctest */;
			productType = "com.apple.product-type.bundle.ui-testing";
		};
/* End PBXNativeTarget section */

/* Begin PBXProject section */
		41F081F62B905D050009503C /* Project object */ = {
			isa = PBXProject;
			attributes = {
				BuildIndependentTargetsInParallel = 1;
				LastSwiftUpdateCheck = 1520;
				LastUpgradeCheck = 1520;
				TargetAttributes = {
					41F081FD2B905D050009503C = {
						CreatedOnToolsVersion = 15.2;
					};
					41F0820E2B905D060009503C = {
						CreatedOnToolsVersion = 15.2;
						TestTargetID = 41F081FD2B905D050009503C;
					};
					41F082182B905D060009503C = {
						CreatedOnToolsVersion = 15.2;
						TestTargetID = 41F081FD2B905D050009503C;
					};
				};
			};
			buildConfigurationList = 41F081F92B905D050009503C /* Build configuration list for PBXProject "HoliPizza" */;
			compatibilityVersion = "Xcode 14.0";
			developmentRegion = en;
			hasScannedForEncodings = 0;
			knownRegions = (
				en,
				Base,
			);
			mainGroup = 41F081F52B905D050009503C;
			productRefGroup = 41F081FF2B905D050009503C /* Products */;
			projectDirPath = "";
			projectRoot = "";
			targets = (
				41F081FD2B905D050009503C /* HoliPizza */,
				41F0820E2B905D060009503C /* HoliPizzaTests */,
				41F082182B905D060009503C /* HoliPizzaUITests */,
			);
		};
/* End PBXProject section */

/* Begin PBXResourcesBuildPhase section */
		41F081FC2B905D050009503C /* Resources */ = {
			isa = PBXResourcesBuildPhase;
			buildActionMask = 2147483647;
			files = (
				41F0820A2B905D060009503C /* Preview Assets.xcassets in Resources */,
				41F082062B905D060009503C /* Assets.xcassets in Resources */,
			);
			runOnlyForDeploymentPostprocessing = 0;
		};
		41F0820D2B905D060009503C /* Resources */ = {
			isa = PBXResourcesBuildPhase;
			buildActionMask = 2147483647;
			files = (
			);
			runOnlyForDeploymentPostprocessing = 0;
		};
		41F082172B905D060009503C /* Resources */ = {
			isa = PBXResourcesBuildPhase;
			buildActionMask = 2147483647;
			files = (
			);
			runOnlyForDeploymentPostprocessing = 0;
		};
/* End PBXResourcesBuildPhase section */

/* Begin PBXSourcesBuildPhase section */
		41F081FA2B905D050009503C /* Sources */ = {
			isa = PBXSourcesBuildPhase;
			buildActionMask = 2147483647;
			files = (
				41C787922BA7FC1B001992F7 /* OrderView.swift in Sources */,
				41C787942BA7FC2F001992F7 /* MenuView.swift in Sources */,
				41F082042B905D050009503C /* ContentView.swift in Sources */,
				41F082022B905D050009503C /* HoliPizzaApp.swift in Sources */,
				41C787982BA7FC78001992F7 /* MenuRowView.swift in Sources */,
				41C7879A2BA7FCDC001992F7 /* OrderRowView.swift in Sources */,
				41C787962BA7FC64001992F7 /* MenuItemView.swift in Sources */,
				41C7879C2BA7FD22001992F7 /* HeaderView.swift in Sources */,
				412C1D562BAD25AD007B61CC /* RetingsView.swift in Sources */,
			);
			runOnlyForDeploymentPostprocessing = 0;
		};
		41F0820B2B905D060009503C /* Sources */ = {
			isa = PBXSourcesBuildPhase;
			buildActionMask = 2147483647;
			files = (
				41F082142B905D060009503C /* HoliPizzaTests.swift in Sources */,
			);
			runOnlyForDeploymentPostprocessing = 0;
		};
		41F082152B905D060009503C /* Sources */ = {
			isa = PBXSourcesBuildPhase;
			buildActionMask = 2147483647;
			files = (
				41F0821E2B905D060009503C /* HoliPizzaUITests.swift in Sources */,
				41F082202B905D060009503C /* HoliPizzaUITestsLaunchTests.swift in Sources */,
			);
			runOnlyForDeploymentPostprocessing = 0;
		};
/* End PBXSourcesBuildPhase section */

/* Begin PBXTargetDependency section */
		41F082112B905D060009503C /* PBXTargetDependency */ = {
			isa = PBXTargetDependency;
			target = 41F081FD2B905D050009503C /* HoliPizza */;
			targetProxy = 41F082102B905D060009503C /* PBXContainerItemProxy */;
		};
		41F0821B2B905D060009503C /* PBXTargetDependency */ = {
			isa = PBXTargetDependency;
			target = 41F081FD2B905D050009503C /* HoliPizza */;
			targetProxy = 41F0821A2B905D060009503C /* PBXContainerItemProxy */;
		};
/* End PBXTargetDependency section */

/* Begin XCBuildConfiguration section */
		41F082212B905D060009503C /* Debug */ = {
			isa = XCBuildConfiguration;
			buildSettings = {
				ALWAYS_SEARCH_USER_PATHS = NO;
				ASSETCATALOG_COMPILER_GENERATE_SWIFT_ASSET_SYMBOL_EXTENSIONS = YES;
				CLANG_ANALYZER_NONNULL = YES;
				CLANG_ANALYZER_NUMBER_OBJECT_CONVERSION = YES_AGGRESSIVE;
				CLANG_CXX_LANGUAGE_STANDARD = "gnu++20";
				CLANG_ENABLE_MODULES = YES;
				CLANG_ENABLE_OBJC_ARC = YES;
				CLANG_ENABLE_OBJC_WEAK = YES;
				CLANG_WARN_BLOCK_CAPTURE_AUTORELEASING = YES;
				CLANG_WARN_BOOL_CONVERSION = YES;
				CLANG_WARN_COMMA = YES;
				CLANG_WARN_CONSTANT_CONVERSION = YES;
				CLANG_WARN_DEPRECATED_OBJC_IMPLEMENTATIONS = YES;
				CLANG_WARN_DIRECT_OBJC_ISA_USAGE = YES_ERROR;
				CLANG_WARN_DOCUMENTATION_COMMENTS = YES;
				CLANG_WARN_EMPTY_BODY = YES;
				CLANG_WARN_ENUM_CONVERSION = YES;
				CLANG_WARN_INFINITE_RECURSION = YES;
				CLANG_WARN_INT_CONVERSION = YES;
				CLANG_WARN_NON_LITERAL_NULL_CONVERSION = YES;
				CLANG_WARN_OBJC_IMPLICIT_RETAIN_SELF = YES;
				CLANG_WARN_OBJC_LITERAL_CONVERSION = YES;
				CLANG_WARN_OBJC_ROOT_CLASS = YES_ERROR;
				CLANG_WARN_QUOTED_INCLUDE_IN_FRAMEWORK_HEADER = YES;
				CLANG_WARN_RANGE_LOOP_ANALYSIS = YES;
				CLANG_WARN_STRICT_PROTOTYPES = YES;
				CLANG_WARN_SUSPICIOUS_MOVE = YES;
				CLANG_WARN_UNGUARDED_AVAILABILITY = YES_AGGRESSIVE;
				CLANG_WARN_UNREACHABLE_CODE = YES;
				CLANG_WARN__DUPLICATE_METHOD_MATCH = YES;
				COPY_PHASE_STRIP = NO;
				DEBUG_INFORMATION_FORMAT = dwarf;
				ENABLE_STRICT_OBJC_MSGSEND = YES;
				ENABLE_TESTABILITY = YES;
				ENABLE_USER_SCRIPT_SANDBOXING = YES;
				GCC_C_LANGUAGE_STANDARD = gnu17;
				GCC_DYNAMIC_NO_PIC = NO;
				GCC_NO_COMMON_BLOCKS = YES;
				GCC_OPTIMIZATION_LEVEL = 0;
				GCC_PREPROCESSOR_DEFINITIONS = (
					"DEBUG=1",
					"$(inherited)",
				);
				GCC_WARN_64_TO_32_BIT_CONVERSION = YES;
				GCC_WARN_ABOUT_RETURN_TYPE = YES_ERROR;
				GCC_WARN_UNDECLARED_SELECTOR = YES;
				GCC_WARN_UNINITIALIZED_AUTOS = YES_AGGRESSIVE;
				GCC_WARN_UNUSED_FUNCTION = YES;
				GCC_WARN_UNUSED_VARIABLE = YES;
				LOCALIZATION_PREFERS_STRING_CATALOGS = YES;
				MTL_ENABLE_DEBUG_INFO = INCLUDE_SOURCE;
				MTL_FAST_MATH = YES;
				ONLY_ACTIVE_ARCH = YES;
				SWIFT_ACTIVE_COMPILATION_CONDITIONS = "DEBUG $(inherited)";
				SWIFT_OPTIMIZATION_LEVEL = "-Onone";
			};
			name = Debug;
		};
		41F082222B905D060009503C /* Release */ = {
			isa = XCBuildConfiguration;
			buildSettings = {
				ALWAYS_SEARCH_USER_PATHS = NO;
				ASSETCATALOG_COMPILER_GENERATE_SWIFT_ASSET_SYMBOL_EXTENSIONS = YES;
				CLANG_ANALYZER_NONNULL = YES;
				CLANG_ANALYZER_NUMBER_OBJECT_CONVERSION = YES_AGGRESSIVE;
				CLANG_CXX_LANGUAGE_STANDARD = "gnu++20";
				CLANG_ENABLE_MODULES = YES;
				CLANG_ENABLE_OBJC_ARC = YES;
				CLANG_ENABLE_OBJC_WEAK = YES;
				CLANG_WARN_BLOCK_CAPTURE_AUTORELEASING = YES;
				CLANG_WARN_BOOL_CONVERSION = YES;
				CLANG_WARN_COMMA = YES;
				CLANG_WARN_CONSTANT_CONVERSION = YES;
				CLANG_WARN_DEPRECATED_OBJC_IMPLEMENTATIONS = YES;
				CLANG_WARN_DIRECT_OBJC_ISA_USAGE = YES_ERROR;
				CLANG_WARN_DOCUMENTATION_COMMENTS = YES;
				CLANG_WARN_EMPTY_BODY = YES;
				CLANG_WARN_ENUM_CONVERSION = YES;
				CLANG_WARN_INFINITE_RECURSION = YES;
				CLANG_WARN_INT_CONVERSION = YES;
				CLANG_WARN_NON_LITERAL_NULL_CONVERSION = YES;
				CLANG_WARN_OBJC_IMPLICIT_RETAIN_SELF = YES;
				CLANG_WARN_OBJC_LITERAL_CONVERSION = YES;
				CLANG_WARN_OBJC_ROOT_CLASS = YES_ERROR;
				CLANG_WARN_QUOTED_INCLUDE_IN_FRAMEWORK_HEADER = YES;
				CLANG_WARN_RANGE_LOOP_ANALYSIS = YES;
				CLANG_WARN_STRICT_PROTOTYPES = YES;
				CLANG_WARN_SUSPICIOUS_MOVE = YES;
				CLANG_WARN_UNGUARDED_AVAILABILITY = YES_AGGRESSIVE;
				CLANG_WARN_UNREACHABLE_CODE = YES;
				CLANG_WARN__DUPLICATE_METHOD_MATCH = YES;
				COPY_PHASE_STRIP = NO;
				DEBUG_INFORMATION_FORMAT = "dwarf-with-dsym";
				ENABLE_NS_ASSERTIONS = NO;
				ENABLE_STRICT_OBJC_MSGSEND = YES;
				ENABLE_USER_SCRIPT_SANDBOXING = YES;
				GCC_C_LANGUAGE_STANDARD = gnu17;
				GCC_NO_COMMON_BLOCKS = YES;
				GCC_WARN_64_TO_32_BIT_CONVERSION = YES;
				GCC_WARN_ABOUT_RETURN_TYPE = YES_ERROR;
				GCC_WARN_UNDECLARED_SELECTOR = YES;
				GCC_WARN_UNINITIALIZED_AUTOS = YES_AGGRESSIVE;
				GCC_WARN_UNUSED_FUNCTION = YES;
				GCC_WARN_UNUSED_VARIABLE = YES;
				LOCALIZATION_PREFERS_STRING_CATALOGS = YES;
				MTL_ENABLE_DEBUG_INFO = NO;
				MTL_FAST_MATH = YES;
				SWIFT_COMPILATION_MODE = wholemodule;
			};
			name = Release;
		};
		41F082242B905D060009503C /* Debug */ = {
			isa = XCBuildConfiguration;
			buildSettings = {
				ASSETCATALOG_COMPILER_APPICON_NAME = AppIcon;
				ASSETCATALOG_COMPILER_GLOBAL_ACCENT_COLOR_NAME = AccentColor;
				CODE_SIGN_ENTITLEMENTS = HoliPizza/HoliPizza.entitlements;
				CODE_SIGN_STYLE = Automatic;
				CURRENT_PROJECT_VERSION = 1;
				DEVELOPMENT_ASSET_PATHS = "\"HoliPizza/Preview Content\"";
				ENABLE_PREVIEWS = YES;
				GENERATE_INFOPLIST_FILE = YES;
				"INFOPLIST_KEY_UIApplicationSceneManifest_Generation[sdk=iphoneos*]" = YES;
				"INFOPLIST_KEY_UIApplicationSceneManifest_Generation[sdk=iphonesimulator*]" = YES;
				"INFOPLIST_KEY_UIApplicationSupportsIndirectInputEvents[sdk=iphoneos*]" = YES;
				"INFOPLIST_KEY_UIApplicationSupportsIndirectInputEvents[sdk=iphonesimulator*]" = YES;
				"INFOPLIST_KEY_UILaunchScreen_Generation[sdk=iphoneos*]" = YES;
				"INFOPLIST_KEY_UILaunchScreen_Generation[sdk=iphonesimulator*]" = YES;
				"INFOPLIST_KEY_UIStatusBarStyle[sdk=iphoneos*]" = UIStatusBarStyleDefault;
				"INFOPLIST_KEY_UIStatusBarStyle[sdk=iphonesimulator*]" = UIStatusBarStyleDefault;
				INFOPLIST_KEY_UISupportedInterfaceOrientations_iPad = "UIInterfaceOrientationPortrait UIInterfaceOrientationPortraitUpsideDown UIInterfaceOrientationLandscapeLeft UIInterfaceOrientationLandscapeRight";
				INFOPLIST_KEY_UISupportedInterfaceOrientations_iPhone = "UIInterfaceOrientationPortrait UIInterfaceOrientationLandscapeLeft UIInterfaceOrientationLandscapeRight";
				IPHONEOS_DEPLOYMENT_TARGET = 17.2;
				LD_RUNPATH_SEARCH_PATHS = "@executable_path/Frameworks";
				"LD_RUNPATH_SEARCH_PATHS[sdk=macosx*]" = "@executable_path/../Frameworks";
				MACOSX_DEPLOYMENT_TARGET = 14.2;
				MARKETING_VERSION = 1.0;
				PRODUCT_BUNDLE_IDENTIFIER = Urvi.HoliPizza;
				PRODUCT_NAME = "$(TARGET_NAME)";
				SDKROOT = auto;
				SUPPORTED_PLATFORMS = "iphoneos iphonesimulator macosx";
				SWIFT_EMIT_LOC_STRINGS = YES;
				SWIFT_VERSION = 5.0;
				TARGETED_DEVICE_FAMILY = "1,2";
			};
			name = Debug;
		};
		41F082252B905D060009503C /* Release */ = {
			isa = XCBuildConfiguration;
			buildSettings = {
				ASSETCATALOG_COMPILER_APPICON_NAME = AppIcon;
				ASSETCATALOG_COMPILER_GLOBAL_ACCENT_COLOR_NAME = AccentColor;
				CODE_SIGN_ENTITLEMENTS = HoliPizza/HoliPizza.entitlements;
				CODE_SIGN_STYLE = Automatic;
				CURRENT_PROJECT_VERSION = 1;
				DEVELOPMENT_ASSET_PATHS = "\"HoliPizza/Preview Content\"";
				ENABLE_PREVIEWS = YES;
				GENERATE_INFOPLIST_FILE = YES;
				"INFOPLIST_KEY_UIApplicationSceneManifest_Generation[sdk=iphoneos*]" = YES;
				"INFOPLIST_KEY_UIApplicationSceneManifest_Generation[sdk=iphonesimulator*]" = YES;
				"INFOPLIST_KEY_UIApplicationSupportsIndirectInputEvents[sdk=iphoneos*]" = YES;
				"INFOPLIST_KEY_UIApplicationSupportsIndirectInputEvents[sdk=iphonesimulator*]" = YES;
				"INFOPLIST_KEY_UILaunchScreen_Generation[sdk=iphoneos*]" = YES;
				"INFOPLIST_KEY_UILaunchScreen_Generation[sdk=iphonesimulator*]" = YES;
				"INFOPLIST_KEY_UIStatusBarStyle[sdk=iphoneos*]" = UIStatusBarStyleDefault;
				"INFOPLIST_KEY_UIStatusBarStyle[sdk=iphonesimulator*]" = UIStatusBarStyleDefault;
				INFOPLIST_KEY_UISupportedInterfaceOrientations_iPad = "UIInterfaceOrientationPortrait UIInterfaceOrientationPortraitUpsideDown UIInterfaceOrientationLandscapeLeft UIInterfaceOrientationLandscapeRight";
				INFOPLIST_KEY_UISupportedInterfaceOrientations_iPhone = "UIInterfaceOrientationPortrait UIInterfaceOrientationLandscapeLeft UIInterfaceOrientationLandscapeRight";
				IPHONEOS_DEPLOYMENT_TARGET = 17.2;
				LD_RUNPATH_SEARCH_PATHS = "@executable_path/Frameworks";
				"LD_RUNPATH_SEARCH_PATHS[sdk=macosx*]" = "@executable_path/../Frameworks";
				MACOSX_DEPLOYMENT_TARGET = 14.2;
				MARKETING_VERSION = 1.0;
				PRODUCT_BUNDLE_IDENTIFIER = Urvi.HoliPizza;
				PRODUCT_NAME = "$(TARGET_NAME)";
				SDKROOT = auto;
				SUPPORTED_PLATFORMS = "iphoneos iphonesimulator macosx";
				SWIFT_EMIT_LOC_STRINGS = YES;
				SWIFT_VERSION = 5.0;
				TARGETED_DEVICE_FAMILY = "1,2";
			};
			name = Release;
		};
		41F082272B905D060009503C /* Debug */ = {
			isa = XCBuildConfiguration;
			buildSettings = {
				ALWAYS_EMBED_SWIFT_STANDARD_LIBRARIES = YES;
				BUNDLE_LOADER = "$(TEST_HOST)";
				CODE_SIGN_STYLE = Automatic;
				CURRENT_PROJECT_VERSION = 1;
				GENERATE_INFOPLIST_FILE = YES;
				IPHONEOS_DEPLOYMENT_TARGET = 17.2;
				MACOSX_DEPLOYMENT_TARGET = 14.2;
				MARKETING_VERSION = 1.0;
				PRODUCT_BUNDLE_IDENTIFIER = Urvi.HoliPizzaTests;
				PRODUCT_NAME = "$(TARGET_NAME)";
				SDKROOT = auto;
				SUPPORTED_PLATFORMS = "iphoneos iphonesimulator macosx";
				SWIFT_EMIT_LOC_STRINGS = NO;
				SWIFT_VERSION = 5.0;
				TARGETED_DEVICE_FAMILY = "1,2";
				TEST_HOST = "$(BUILT_PRODUCTS_DIR)/HoliPizza.app/$(BUNDLE_EXECUTABLE_FOLDER_PATH)/HoliPizza";
			};
			name = Debug;
		};
		41F082282B905D060009503C /* Release */ = {
			isa = XCBuildConfiguration;
			buildSettings = {
				ALWAYS_EMBED_SWIFT_STANDARD_LIBRARIES = YES;
				BUNDLE_LOADER = "$(TEST_HOST)";
				CODE_SIGN_STYLE = Automatic;
				CURRENT_PROJECT_VERSION = 1;
				GENERATE_INFOPLIST_FILE = YES;
				IPHONEOS_DEPLOYMENT_TARGET = 17.2;
				MACOSX_DEPLOYMENT_TARGET = 14.2;
				MARKETING_VERSION = 1.0;
				PRODUCT_BUNDLE_IDENTIFIER = Urvi.HoliPizzaTests;
				PRODUCT_NAME = "$(TARGET_NAME)";
				SDKROOT = auto;
				SUPPORTED_PLATFORMS = "iphoneos iphonesimulator macosx";
				SWIFT_EMIT_LOC_STRINGS = NO;
				SWIFT_VERSION = 5.0;
				TARGETED_DEVICE_FAMILY = "1,2";
				TEST_HOST = "$(BUILT_PRODUCTS_DIR)/HoliPizza.app/$(BUNDLE_EXECUTABLE_FOLDER_PATH)/HoliPizza";
			};
			name = Release;
		};
		41F0822A2B905D060009503C /* Debug */ = {
			isa = XCBuildConfiguration;
			buildSettings = {
				ALWAYS_EMBED_SWIFT_STANDARD_LIBRARIES = YES;
				CODE_SIGN_STYLE = Automatic;
				CURRENT_PROJECT_VERSION = 1;
				GENERATE_INFOPLIST_FILE = YES;
				IPHONEOS_DEPLOYMENT_TARGET = 17.2;
				MACOSX_DEPLOYMENT_TARGET = 14.2;
				MARKETING_VERSION = 1.0;
				PRODUCT_BUNDLE_IDENTIFIER = Urvi.HoliPizzaUITests;
				PRODUCT_NAME = "$(TARGET_NAME)";
				SDKROOT = auto;
				SUPPORTED_PLATFORMS = "iphoneos iphonesimulator macosx";
				SWIFT_EMIT_LOC_STRINGS = NO;
				SWIFT_VERSION = 5.0;
				TARGETED_DEVICE_FAMILY = "1,2";
				TEST_TARGET_NAME = HoliPizza;
			};
			name = Debug;
		};
		41F0822B2B905D060009503C /* Release */ = {
			isa = XCBuildConfiguration;
			buildSettings = {
				ALWAYS_EMBED_SWIFT_STANDARD_LIBRARIES = YES;
				CODE_SIGN_STYLE = Automatic;
				CURRENT_PROJECT_VERSION = 1;
				GENERATE_INFOPLIST_FILE = YES;
				IPHONEOS_DEPLOYMENT_TARGET = 17.2;
				MACOSX_DEPLOYMENT_TARGET = 14.2;
				MARKETING_VERSION = 1.0;
				PRODUCT_BUNDLE_IDENTIFIER = Urvi.HoliPizzaUITests;
				PRODUCT_NAME = "$(TARGET_NAME)";
				SDKROOT = auto;
				SUPPORTED_PLATFORMS = "iphoneos iphonesimulator macosx";
				SWIFT_EMIT_LOC_STRINGS = NO;
				SWIFT_VERSION = 5.0;
				TARGETED_DEVICE_FAMILY = "1,2";
				TEST_TARGET_NAME = HoliPizza;
			};
			name = Release;
		};
/* End XCBuildConfiguration section */

/* Begin XCConfigurationList section */
		41F081F92B905D050009503C /* Build configuration list for PBXProject "HoliPizza" */ = {
			isa = XCConfigurationList;
			buildConfigurations = (
				41F082212B905D060009503C /* Debug */,
				41F082222B905D060009503C /* Release */,
			);
			defaultConfigurationIsVisible = 0;
			defaultConfigurationName = Release;
		};
		41F082232B905D060009503C /* Build configuration list for PBXNativeTarget "HoliPizza" */ = {
			isa = XCConfigurationList;
			buildConfigurations = (
				41F082242B905D060009503C /* Debug */,
				41F082252B905D060009503C /* Release */,
			);
			defaultConfigurationIsVisible = 0;
			defaultConfigurationName = Release;
		};
		41F082262B905D060009503C /* Build configuration list for PBXNativeTarget "HoliPizzaTests" */ = {
			isa = XCConfigurationList;
			buildConfigurations = (
				41F082272B905D060009503C /* Debug */,
				41F082282B905D060009503C /* Release */,
			);
			defaultConfigurationIsVisible = 0;
			defaultConfigurationName = Release;
		};
		41F082292B905D060009503C /* Build configuration list for PBXNativeTarget "HoliPizzaUITests" */ = {
			isa = XCConfigurationList;
			buildConfigurations = (
				41F0822A2B905D060009503C /* Debug */,
				41F0822B2B905D060009503C /* Release */,
			);
			defaultConfigurationIsVisible = 0;
			defaultConfigurationName = Release;
		};
/* End XCConfigurationList section */
	};
	rootObject = 41F081F62B905D050009503C /* Project object */;
}
